
Microsoft Visual Studio Solution File, Format Version 12.00
# Visual Studio 14
VisualStudioVersion = 14.0.24720.0
MinimumVisualStudioVersion = 10.0.40219.1
Project("{FAE04EC0-301F-11D3-BF4B-00C04F79EFBC}") = "BinbinSystemForNet40", "BinbinSystem\BinbinSystemForNet40.csproj", "{E7815438-B88C-4C04-BCBC-8E0CA60F4487}"
EndProject
Project("{FAE04EC0-301F-11D3-BF4B-00C04F79EFBC}") = "BinbinCdnMvcForNet40", "BinbinCdnMvc\BinbinCdnMvcForNet40.csproj", "{A3DF6921-A405-4165-A9A5-BD8A6EE9683B}"
EndProject
Project("{FAE04EC0-301F-11D3-BF4B-00C04F79EFBC}") = "BinbinCollectionsForNet40", "BinbinCollections\BinbinCollectionsForNet40.csproj", "{74D19A3A-DCD3-4787-8AE2-A21E15FE4CD4}"
EndProject
Project("{FAE04EC0-301F-11D3-BF4B-00C04F79EFBC}") = "BinbinWpfUnityApplicationForNet40", "BinbinWpfUnityApplication\BinbinWpfUnityApplicationForNet40.csproj", "{D6C091E7-0908-42A3-89EA-EE096BC38C15}"
EndProject
Project("{FAE04EC0-301F-11D3-BF4B-00C04F79EFBC}") = "BinbinMvcUnityApplicationForNet40Mvc30", "BinbinMvcUnityApplication\BinbinMvcUnityApplicationForNet40Mvc30.csproj", "{91C886AA-0732-4F1B-922F-D277E1A6466C}"
EndProject
Project("{FAE04EC0-301F-11D3-BF4B-00C04F79EFBC}") = "BinbinWindowsFormsUnityApplicationForNet40", "BinbinWindowsFormsUnityApplication\BinbinWindowsFormsUnityApplicationForNet40.csproj", "{00B9A62A-AA03-48F2-B930-C1BEE5C1E9B9}"
EndProject
Project("{2150E333-8FDC-42A3-9474-1A3956D46DE8}") = "UnityApplications", "UnityApplications", "{58879D41-3D9C-4EE5-995D-EECA2535C092}"
EndProject
Project("{FAE04EC0-301F-11D3-BF4B-00C04F79EFBC}") = "BinbinMvcHtmlExtensionForNet40Mvc30", "BinbinMvcHtmlExtension\BinbinMvcHtmlExtensionForNet40Mvc30.csproj", "{F708EED6-5B53-4CBA-A842-B91D0C83A234}"
EndProject
Project("{FAE04EC0-301F-11D3-BF4B-00C04F79EFBC}") = "BinbinDomainForNet40", "BinbinDomain\BinbinDomainForNet40.csproj", "{A92973FD-5AD4-4DAB-98D6-36B53303EC6B}"
EndProject
Project("{FAE04EC0-301F-11D3-BF4B-00C04F79EFBC}") = "BinbinDomainImplForNet40LinqToSql", "BinbinDomainImpl\BinbinDomainImplForNet40LinqToSql.csproj", "{A9E969B8-3E16-4103-B0C2-D1A06C200DD8}"
EndProject
Project("{2150E333-8FDC-42A3-9474-1A3956D46DE8}") = "Domain", "Domain", "{4297E871-5F7A-43E6-A166-F7D38F446985}"
EndProject
Project("{FAE04EC0-301F-11D3-BF4B-00C04F79EFBC}") = "BinbinServiceModelForNet40", "BinbinServiceModel\BinbinServiceModelForNet40.csproj", "{3D854C18-9E01-4797-ABA5-7CDC2B9E7947}"
EndProject
Project("{2150E333-8FDC-42A3-9474-1A3956D46DE8}") = "System", "System", "{EB7F1D29-4759-4D18-950C-D0513141C12C}"
EndProject
Project("{2150E333-8FDC-42A3-9474-1A3956D46DE8}") = "Mvc", "Mvc", "{B3AE7080-0ED1-493A-BEB7-64D2B6E8C2F3}"
EndProject
Project("{2150E333-8FDC-42A3-9474-1A3956D46DE8}") = "ServiceModel", "ServiceModel", "{448ED89E-5774-43A2-988A-979FFE6DF827}"
EndProject
Project("{FAE04EC0-301F-11D3-BF4B-00C04F79EFBC}") = "BinbinMvcControllerExtensionForNet4Mvc3", "BinbinMvcControllerExtensionForNet4Mvc3\BinbinMvcControllerExtensionForNet4Mvc3.csproj", "{0BA690E1-F296-4035-A749-F10CB4207B13}"
EndProject
Project("{2150E333-8FDC-42A3-9474-1A3956D46DE8}") = "Test", "Test", "{68860556-5F9F-45FC-9B31-FEF616A27EC4}"
EndProject
Project("{FAE04EC0-301F-11D3-BF4B-00C04F79EFBC}") = "BinbinSystemForNet40Test", "BinbinSystemForNet40Test\BinbinSystemForNet40Test.csproj", "{F63A6DE2-1688-4521-882C-4D6C82B0BDA0}"
EndProject
Project("{2150E333-8FDC-42A3-9474-1A3956D46DE8}") = "Solution Items", "Solution Items", "{EDF0530C-8100-4ACC-8713-EEECB7C6F52E}"
	ProjectSection(SolutionItems) = preProject
		ClassLibraries.vsmdi = ClassLibraries.vsmdi
		Local.testsettings = Local.testsettings
		TraceAndTestImpact.testsettings = TraceAndTestImpact.testsettings
	EndProjectSection
EndProject
Project("{2150E333-8FDC-42A3-9474-1A3956D46DE8}") = "2-Test", "2-Test", "{4DEC3B08-2C57-4E07-9B50-8E89EC719220}"
EndProject
Project("{2150E333-8FDC-42A3-9474-1A3956D46DE8}") = "EFCodeFirst", "EFCodeFirst", "{D9D94F44-A92E-4E07-9FAC-8E0958F9E5B1}"
EndProject
Project("{FAE04EC0-301F-11D3-BF4B-00C04F79EFBC}") = "BinbinEntityFrameworkExtension", "BinbinEntityFrameworkExtension\BinbinEntityFrameworkExtension.csproj", "{11784172-9546-4C04-9E6C-2A0454ADAC7D}"
EndProject
Project("{2150E333-8FDC-42A3-9474-1A3956D46DE8}") = "1-Develop", "1-Develop", "{498DFC5E-443B-455F-99DE-52D79C129449}"
EndProject
Project("{2150E333-8FDC-42A3-9474-1A3956D46DE8}") = ".nuget", ".nuget", "{9067A0D6-A1A0-4699-87D6-E92EB2F6B850}"
	ProjectSection(SolutionItems) = preProject
		.nuget\NuGet.exe = .nuget\NuGet.exe
		.nuget\NuGet.targets = .nuget\NuGet.targets
		packages\repositories.config = packages\repositories.config
	EndProjectSection
EndProject
Project("{FAE04EC0-301F-11D3-BF4B-00C04F79EFBC}") = "BinbinWebMvcUnity", "BinbinWebMvcUnity\BinbinWebMvcUnity.csproj", "{925C75ED-039B-45C5-985E-40CD3E0A6D46}"
EndProject
Project("{2150E333-8FDC-42A3-9474-1A3956D46DE8}") = "Practics", "Practics", "{5F162579-3075-426D-84D5-63CFD31F7DEB}"
EndProject
Project("{2150E333-8FDC-42A3-9474-1A3956D46DE8}") = "EnterpriseLibrary", "EnterpriseLibrary", "{822DE0BA-8FE1-4399-A976-3BAC58B90EDA}"
EndProject
Project("{2150E333-8FDC-42A3-9474-1A3956D46DE8}") = "Unity", "Unity", "{B5E36640-164B-48E0-9792-194C7EC3D519}"
EndProject
Project("{2150E333-8FDC-42A3-9474-1A3956D46DE8}") = "Attribute", "Attribute", "{ADCFDE7E-70B1-4437-A2F9-750F84AE7F4F}"
EndProject
Project("{FAE04EC0-301F-11D3-BF4B-00C04F79EFBC}") = "Binbin.Attribute", "Binbin.Attribute\Binbin.Attribute.csproj", "{67F9D170-D99F-4011-8FE8-B63267BF9732}"
EndProject
Project("{2150E333-8FDC-42A3-9474-1A3956D46DE8}") = "TextTemplate", "TextTemplate", "{013B0CE6-E948-4EAF-87BE-DC3F68996F9E}"
EndProject
Project("{FAE04EC0-301F-11D3-BF4B-00C04F79EFBC}") = "ClassLibrary1", "ClassLibrary1\ClassLibrary1.csproj", "{CF25EE99-EF03-48B3-AA14-5DC42CB4D23C}"
EndProject
Project("{FAE04EC0-301F-11D3-BF4B-00C04F79EFBC}") = "Binbin.TextTemplate", "Binbin.TextTemplate\Binbin.TextTemplate.csproj", "{3D91E25B-381C-4CBA-9477-BD2D8912AAD0}"
EndProject
Project("{2150E333-8FDC-42A3-9474-1A3956D46DE8}") = "Lambda", "Lambda", "{3AA4D1C9-A196-4ECB-8D36-D519EBE85634}"
EndProject
Project("{FAE04EC0-301F-11D3-BF4B-00C04F79EFBC}") = "Binbin.Lambda", "Binbin.Lambda\Binbin.Lambda.csproj", "{A6186B5F-D2CF-48B5-9540-8881FD957D0D}"
EndProject
Project("{2150E333-8FDC-42A3-9474-1A3956D46DE8}") = "AntiSqlInjection", "AntiSqlInjection", "{7FF21B5B-6CE2-4F7E-AAB4-8E677089B10A}"
EndProject
Global
	GlobalSection(SolutionConfigurationPlatforms) = preSolution
		Debug|Any CPU = Debug|Any CPU
		Release|Any CPU = Release|Any CPU
	EndGlobalSection
	GlobalSection(ProjectConfigurationPlatforms) = postSolution
		{E7815438-B88C-4C04-BCBC-8E0CA60F4487}.Debug|Any CPU.ActiveCfg = Debug|Any CPU
		{E7815438-B88C-4C04-BCBC-8E0CA60F4487}.Debug|Any CPU.Build.0 = Debug|Any CPU
		{E7815438-B88C-4C04-BCBC-8E0CA60F4487}.Release|Any CPU.ActiveCfg = Release|Any CPU
		{E7815438-B88C-4C04-BCBC-8E0CA60F4487}.Release|Any CPU.Build.0 = Release|Any CPU
		{A3DF6921-A405-4165-A9A5-BD8A6EE9683B}.Debug|Any CPU.ActiveCfg = Debug|Any CPU
		{A3DF6921-A405-4165-A9A5-BD8A6EE9683B}.Debug|Any CPU.Build.0 = Debug|Any CPU
		{A3DF6921-A405-4165-A9A5-BD8A6EE9683B}.Release|Any CPU.ActiveCfg = Release|Any CPU
		{A3DF6921-A405-4165-A9A5-BD8A6EE9683B}.Release|Any CPU.Build.0 = Release|Any CPU
		{74D19A3A-DCD3-4787-8AE2-A21E15FE4CD4}.Debug|Any CPU.ActiveCfg = Debug|Any CPU
		{74D19A3A-DCD3-4787-8AE2-A21E15FE4CD4}.Debug|Any CPU.Build.0 = Debug|Any CPU
		{74D19A3A-DCD3-4787-8AE2-A21E15FE4CD4}.Release|Any CPU.ActiveCfg = Release|Any CPU
		{74D19A3A-DCD3-4787-8AE2-A21E15FE4CD4}.Release|Any CPU.Build.0 = Release|Any CPU
		{D6C091E7-0908-42A3-89EA-EE096BC38C15}.Debug|Any CPU.ActiveCfg = Debug|Any CPU
		{D6C091E7-0908-42A3-89EA-EE096BC38C15}.Debug|Any CPU.Build.0 = Debug|Any CPU
		{D6C091E7-0908-42A3-89EA-EE096BC38C15}.Release|Any CPU.ActiveCfg = Release|Any CPU
		{D6C091E7-0908-42A3-89EA-EE096BC38C15}.Release|Any CPU.Build.0 = Release|Any CPU
		{91C886AA-0732-4F1B-922F-D277E1A6466C}.Debug|Any CPU.ActiveCfg = Debug|Any CPU
		{91C886AA-0732-4F1B-922F-D277E1A6466C}.Debug|Any CPU.Build.0 = Debug|Any CPU
		{91C886AA-0732-4F1B-922F-D277E1A6466C}.Release|Any CPU.ActiveCfg = Release|Any CPU
		{91C886AA-0732-4F1B-922F-D277E1A6466C}.Release|Any CPU.Build.0 = Release|Any CPU
		{00B9A62A-AA03-48F2-B930-C1BEE5C1E9B9}.Debug|Any CPU.ActiveCfg = Debug|Any CPU
		{00B9A62A-AA03-48F2-B930-C1BEE5C1E9B9}.Debug|Any CPU.Build.0 = Debug|Any CPU
		{00B9A62A-AA03-48F2-B930-C1BEE5C1E9B9}.Release|Any CPU.ActiveCfg = Release|Any CPU
		{00B9A62A-AA03-48F2-B930-C1BEE5C1E9B9}.Release|Any CPU.Build.0 = Release|Any CPU
		{F708EED6-5B53-4CBA-A842-B91D0C83A234}.Debug|Any CPU.ActiveCfg = Debug|Any CPU
		{F708EED6-5B53-4CBA-A842-B91D0C83A234}.Debug|Any CPU.Build.0 = Debug|Any CPU
		{F708EED6-5B53-4CBA-A842-B91D0C83A234}.Release|Any CPU.ActiveCfg = Release|Any CPU
		{F708EED6-5B53-4CBA-A842-B91D0C83A234}.Release|Any CPU.Build.0 = Release|Any CPU
		{A92973FD-5AD4-4DAB-98D6-36B53303EC6B}.Debug|Any CPU.ActiveCfg = Debug|Any CPU
		{A92973FD-5AD4-4DAB-98D6-36B53303EC6B}.Debug|Any CPU.Build.0 = Debug|Any CPU
		{A92973FD-5AD4-4DAB-98D6-36B53303EC6B}.Release|Any CPU.ActiveCfg = Release|Any CPU
		{A92973FD-5AD4-4DAB-98D6-36B53303EC6B}.Release|Any CPU.Build.0 = Release|Any CPU
		{A9E969B8-3E16-4103-B0C2-D1A06C200DD8}.Debug|Any CPU.ActiveCfg = Debug|Any CPU
		{A9E969B8-3E16-4103-B0C2-D1A06C200DD8}.Debug|Any CPU.Build.0 = Debug|Any CPU
		{A9E969B8-3E16-4103-B0C2-D1A06C200DD8}.Release|Any CPU.ActiveCfg = Release|Any CPU
		{A9E969B8-3E16-4103-B0C2-D1A06C200DD8}.Release|Any CPU.Build.0 = Release|Any CPU
		{3D854C18-9E01-4797-ABA5-7CDC2B9E7947}.Debug|Any CPU.ActiveCfg = Debug|Any CPU
		{3D854C18-9E01-4797-ABA5-7CDC2B9E7947}.Debug|Any CPU.Build.0 = Debug|Any CPU
		{3D854C18-9E01-4797-ABA5-7CDC2B9E7947}.Release|Any CPU.ActiveCfg = Release|Any CPU
		{3D854C18-9E01-4797-ABA5-7CDC2B9E7947}.Release|Any CPU.Build.0 = Release|Any CPU
		{0BA690E1-F296-4035-A749-F10CB4207B13}.Debug|Any CPU.ActiveCfg = Debug|Any CPU
		{0BA690E1-F296-4035-A749-F10CB4207B13}.Debug|Any CPU.Build.0 = Debug|Any CPU
		{0BA690E1-F296-4035-A749-F10CB4207B13}.Release|Any CPU.ActiveCfg = Release|Any CPU
		{0BA690E1-F296-4035-A749-F10CB4207B13}.Release|Any CPU.Build.0 = Release|Any CPU
		{F63A6DE2-1688-4521-882C-4D6C82B0BDA0}.Debug|Any CPU.ActiveCfg = Debug|Any CPU
		{F63A6DE2-1688-4521-882C-4D6C82B0BDA0}.Debug|Any CPU.Build.0 = Debug|Any CPU
		{F63A6DE2-1688-4521-882C-4D6C82B0BDA0}.Release|Any CPU.ActiveCfg = Release|Any CPU
		{F63A6DE2-1688-4521-882C-4D6C82B0BDA0}.Release|Any CPU.Build.0 = Release|Any CPU
		{11784172-9546-4C04-9E6C-2A0454ADAC7D}.Debug|Any CPU.ActiveCfg = Debug|Any CPU
		{11784172-9546-4C04-9E6C-2A0454ADAC7D}.Debug|Any CPU.Build.0 = Debug|Any CPU
		{11784172-9546-4C04-9E6C-2A0454ADAC7D}.Release|Any CPU.ActiveCfg = Release|Any CPU
		{11784172-9546-4C04-9E6C-2A0454ADAC7D}.Release|Any CPU.Build.0 = Release|Any CPU
		{925C75ED-039B-45C5-985E-40CD3E0A6D46}.Debug|Any CPU.ActiveCfg = Debug|Any CPU
		{925C75ED-039B-45C5-985E-40CD3E0A6D46}.Debug|Any CPU.Build.0 = Debug|Any CPU
		{925C75ED-039B-45C5-985E-40CD3E0A6D46}.Release|Any CPU.ActiveCfg = Release|Any CPU
		{925C75ED-039B-45C5-985E-40CD3E0A6D46}.Release|Any CPU.Build.0 = Release|Any CPU
		{67F9D170-D99F-4011-8FE8-B63267BF9732}.Debug|Any CPU.ActiveCfg = Debug|Any CPU
		{67F9D170-D99F-4011-8FE8-B63267BF9732}.Debug|Any CPU.Build.0 = Debug|Any CPU
		{67F9D170-D99F-4011-8FE8-B63267BF9732}.Release|Any CPU.ActiveCfg = Release|Any CPU
		{67F9D170-D99F-4011-8FE8-B63267BF9732}.Release|Any CPU.Build.0 = Release|Any CPU
		{CF25EE99-EF03-48B3-AA14-5DC42CB4D23C}.Debug|Any CPU.ActiveCfg = Debug|Any CPU
		{CF25EE99-EF03-48B3-AA14-5DC42CB4D23C}.Debug|Any CPU.Build.0 = Debug|Any CPU
		{CF25EE99-EF03-48B3-AA14-5DC42CB4D23C}.Release|Any CPU.ActiveCfg = Release|Any CPU
		{CF25EE99-EF03-48B3-AA14-5DC42CB4D23C}.Release|Any CPU.Build.0 = Release|Any CPU
		{3D91E25B-381C-4CBA-9477-BD2D8912AAD0}.Debug|Any CPU.ActiveCfg = Debug|Any CPU
		{3D91E25B-381C-4CBA-9477-BD2D8912AAD0}.Debug|Any CPU.Build.0 = Debug|Any CPU
		{3D91E25B-381C-4CBA-9477-BD2D8912AAD0}.Release|Any CPU.ActiveCfg = Release|Any CPU
		{3D91E25B-381C-4CBA-9477-BD2D8912AAD0}.Release|Any CPU.Build.0 = Release|Any CPU
		{A6186B5F-D2CF-48B5-9540-8881FD957D0D}.Debug|Any CPU.ActiveCfg = Debug|Any CPU
		{A6186B5F-D2CF-48B5-9540-8881FD957D0D}.Debug|Any CPU.Build.0 = Debug|Any CPU
		{A6186B5F-D2CF-48B5-9540-8881FD957D0D}.Release|Any CPU.ActiveCfg = Release|Any CPU
		{A6186B5F-D2CF-48B5-9540-8881FD957D0D}.Release|Any CPU.Build.0 = Release|Any CPU
	EndGlobalSection
	GlobalSection(SolutionProperties) = preSolution
		HideSolutionNode = FALSE
	EndGlobalSection
	GlobalSection(NestedProjects) = preSolution
		{E7815438-B88C-4C04-BCBC-8E0CA60F4487} = {EB7F1D29-4759-4D18-950C-D0513141C12C}
		{A3DF6921-A405-4165-A9A5-BD8A6EE9683B} = {B3AE7080-0ED1-493A-BEB7-64D2B6E8C2F3}
		{74D19A3A-DCD3-4787-8AE2-A21E15FE4CD4} = {EB7F1D29-4759-4D18-950C-D0513141C12C}
		{D6C091E7-0908-42A3-89EA-EE096BC38C15} = {58879D41-3D9C-4EE5-995D-EECA2535C092}
		{91C886AA-0732-4F1B-922F-D277E1A6466C} = {58879D41-3D9C-4EE5-995D-EECA2535C092}
		{00B9A62A-AA03-48F2-B930-C1BEE5C1E9B9} = {58879D41-3D9C-4EE5-995D-EECA2535C092}
		{58879D41-3D9C-4EE5-995D-EECA2535C092} = {498DFC5E-443B-455F-99DE-52D79C129449}
		{F708EED6-5B53-4CBA-A842-B91D0C83A234} = {B3AE7080-0ED1-493A-BEB7-64D2B6E8C2F3}
		{A92973FD-5AD4-4DAB-98D6-36B53303EC6B} = {4297E871-5F7A-43E6-A166-F7D38F446985}
		{A9E969B8-3E16-4103-B0C2-D1A06C200DD8} = {4297E871-5F7A-43E6-A166-F7D38F446985}
		{4297E871-5F7A-43E6-A166-F7D38F446985} = {498DFC5E-443B-455F-99DE-52D79C129449}
		{3D854C18-9E01-4797-ABA5-7CDC2B9E7947} = {448ED89E-5774-43A2-988A-979FFE6DF827}
		{EB7F1D29-4759-4D18-950C-D0513141C12C} = {498DFC5E-443B-455F-99DE-52D79C129449}
		{B3AE7080-0ED1-493A-BEB7-64D2B6E8C2F3} = {498DFC5E-443B-455F-99DE-52D79C129449}
		{448ED89E-5774-43A2-988A-979FFE6DF827} = {498DFC5E-443B-455F-99DE-52D79C129449}
		{0BA690E1-F296-4035-A749-F10CB4207B13} = {B3AE7080-0ED1-493A-BEB7-64D2B6E8C2F3}
		{68860556-5F9F-45FC-9B31-FEF616A27EC4} = {EB7F1D29-4759-4D18-950C-D0513141C12C}
		{F63A6DE2-1688-4521-882C-4D6C82B0BDA0} = {4DEC3B08-2C57-4E07-9B50-8E89EC719220}
		{EDF0530C-8100-4ACC-8713-EEECB7C6F52E} = {4DEC3B08-2C57-4E07-9B50-8E89EC719220}
		{D9D94F44-A92E-4E07-9FAC-8E0958F9E5B1} = {498DFC5E-443B-455F-99DE-52D79C129449}
		{11784172-9546-4C04-9E6C-2A0454ADAC7D} = {D9D94F44-A92E-4E07-9FAC-8E0958F9E5B1}
		{925C75ED-039B-45C5-985E-40CD3E0A6D46} = {B5E36640-164B-48E0-9792-194C7EC3D519}
		{5F162579-3075-426D-84D5-63CFD31F7DEB} = {498DFC5E-443B-455F-99DE-52D79C129449}
		{822DE0BA-8FE1-4399-A976-3BAC58B90EDA} = {5F162579-3075-426D-84D5-63CFD31F7DEB}
		{B5E36640-164B-48E0-9792-194C7EC3D519} = {822DE0BA-8FE1-4399-A976-3BAC58B90EDA}
		{ADCFDE7E-70B1-4437-A2F9-750F84AE7F4F} = {498DFC5E-443B-455F-99DE-52D79C129449}
		{67F9D170-D99F-4011-8FE8-B63267BF9732} = {ADCFDE7E-70B1-4437-A2F9-750F84AE7F4F}
		{013B0CE6-E948-4EAF-87BE-DC3F68996F9E} = {498DFC5E-443B-455F-99DE-52D79C129449}
		{CF25EE99-EF03-48B3-AA14-5DC42CB4D23C} = {013B0CE6-E948-4EAF-87BE-DC3F68996F9E}
		{3D91E25B-381C-4CBA-9477-BD2D8912AAD0} = {013B0CE6-E948-4EAF-87BE-DC3F68996F9E}
		{3AA4D1C9-A196-4ECB-8D36-D519EBE85634} = {498DFC5E-443B-455F-99DE-52D79C129449}
		{A6186B5F-D2CF-48B5-9540-8881FD957D0D} = {3AA4D1C9-A196-4ECB-8D36-D519EBE85634}
		{7FF21B5B-6CE2-4F7E-AAB4-8E677089B10A} = {498DFC5E-443B-455F-99DE-52D79C129449}
	EndGlobalSection
	GlobalSection(ExtensibilityGlobals) = postSolution
		EnterpriseLibraryConfigurationToolBinariesPath = packages\Unity.2.1.505.0\lib\NET35;packages\Unity.Interception.2.1.505.0\lib\NET35;packages\EnterpriseLibrary.Common.5.0.505.0\lib\NET35;packages\EnterpriseLibrary.Validation.5.0.505.0\lib\NET35
	EndGlobalSection
	GlobalSection(TestCaseManagementSettings) = postSolution
		CategoryFile = ClassLibraries.vsmdi
	EndGlobalSection
EndGlobal
